
Microsoft Visual Studio Solution File, Format Version 12.00
# Visual Studio Version 17
VisualStudioVersion = 17.10.34928.147
MinimumVisualStudioVersion = 10.0.40219.1
Project("{FAE04EC0-301F-11D3-BF4B-00C04F79EFBC}") = "MoviesMVC", "MoviesMVC.csproj", "{BADB9993-A752-49E2-B0CB-173CBC542A55}"
EndProject
Global
	GlobalSection(SolutionConfigurationPlatforms) = preSolution
		Debug|Any CPU = Debug|Any CPU
		Release|Any CPU = Release|Any CPU
	EndGlobalSection
	GlobalSection(ProjectConfigurationPlatforms) = postSolution
		{BADB9993-A752-49E2-B0CB-173CBC542A55}.Debug|Any CPU.ActiveCfg = Debug|Any CPU
		{BADB9993-A752-49E2-B0CB-173CBC542A55}.Debug|Any CPU.Build.0 = Debug|Any CPU
		{BADB9993-A752-49E2-B0CB-173CBC542A55}.Release|Any CPU.ActiveCfg = Release|Any CPU
		{BADB9993-A752-49E2-B0CB-173CBC542A55}.Release|Any CPU.Build.0 = Release|Any CPU
	EndGlobalSection
	GlobalSection(SolutionProperties) = preSolution
		HideSolutionNode = FALSE
	EndGlobalSection
	GlobalSection(ExtensibilityGlobals) = postSolution
		SolutionGuid = {C87A3603-CB23-4FFF-8AB8-3B73AE925D28}
	EndGlobalSection
EndGlobal
